
Microsoft Visual Studio Solution File, Format Version 12.00
# Visual Studio Version 17
VisualStudioVersion = 17.8.34309.116
MinimumVisualStudioVersion = 10.0.40219.1
Project("{FAE04EC0-301F-11D3-BF4B-00C04F79EFBC}") = "Horoba_Daiana_Lab1", "Horoba_Daiana_Lab1.csproj", "{8F70DC69-6C40-4CCD-BE3C-650BE2985569}"
EndProject
Global
	GlobalSection(SolutionConfigurationPlatforms) = preSolution
		Debug|Any CPU = Debug|Any CPU
		Release|Any CPU = Release|Any CPU
	EndGlobalSection
	GlobalSection(ProjectConfigurationPlatforms) = postSolution
		{8F70DC69-6C40-4CCD-BE3C-650BE2985569}.Debug|Any CPU.ActiveCfg = Debug|Any CPU
		{8F70DC69-6C40-4CCD-BE3C-650BE2985569}.Debug|Any CPU.Build.0 = Debug|Any CPU
		{8F70DC69-6C40-4CCD-BE3C-650BE2985569}.Release|Any CPU.ActiveCfg = Release|Any CPU
		{8F70DC69-6C40-4CCD-BE3C-650BE2985569}.Release|Any CPU.Build.0 = Release|Any CPU
	EndGlobalSection
	GlobalSection(SolutionProperties) = preSolution
		HideSolutionNode = FALSE
	EndGlobalSection
	GlobalSection(ExtensibilityGlobals) = postSolution
		SolutionGuid = {6CF4D9A4-4527-441E-8548-139880F2F9BC}
	EndGlobalSection
EndGlobal
